
Microsoft Visual Studio Solution File, Format Version 12.00
# Visual Studio 14
VisualStudioVersion = 14.0.25420.1
MinimumVisualStudioVersion = 10.0.40219.1
Project("{FAE04EC0-301F-11D3-BF4B-00C04F79EFBC}") = "HN_TOWER", "HN_TOWER\HN_TOWER.csproj", "{EAE7F2E0-3AE9-4035-9840-9858343146A3}"
EndProject
Global
	GlobalSection(SolutionConfigurationPlatforms) = preSolution
		Debug|Any CPU = Debug|Any CPU
		Release|Any CPU = Release|Any CPU
	EndGlobalSection
	GlobalSection(ProjectConfigurationPlatforms) = postSolution
		{EAE7F2E0-3AE9-4035-9840-9858343146A3}.Debug|Any CPU.ActiveCfg = Debug|Any CPU
		{EAE7F2E0-3AE9-4035-9840-9858343146A3}.Debug|Any CPU.Build.0 = Debug|Any CPU
		{EAE7F2E0-3AE9-4035-9840-9858343146A3}.Release|Any CPU.ActiveCfg = Release|Any CPU
		{EAE7F2E0-3AE9-4035-9840-9858343146A3}.Release|Any CPU.Build.0 = Release|Any CPU
	EndGlobalSection
	GlobalSection(SolutionProperties) = preSolution
		HideSolutionNode = FALSE
	EndGlobalSection
EndGlobal
